{
    "_readme": [
        "This file locks the dependencies of your project to a known state",
        "Read more about it at https://getcomposer.org/doc/01-basic-usage.md#installing-dependencies",
        "This file is @generated automatically"
    ],
    "content-hash": "956225aa6fe77f725581a66e658854a2",
    "packages": [
        {
            "name": "howtomakeaturn/pdfinfo",
            "version": "1.1.4",
            "source": {
                "type": "git",
                "url": "https://github.com/howtomakeaturn/pdfinfo.git",
                "reference": "292e11fe1f0fa17c3b57dd52f29376e49c14c15e"
            },
            "dist": {
                "type": "zip",
                "url": "https://api.github.com/repos/howtomakeaturn/pdfinfo/zipball/292e11fe1f0fa17c3b57dd52f29376e49c14c15e",
                "reference": "292e11fe1f0fa17c3b57dd52f29376e49c14c15e",
                "shasum": ""
            },
            "require-dev": {
                "filp/whoops": "1.1.4"
            },
            "type": "library",
            "autoload": {
                "psr-0": {
                    "Howtomakeaturn\\PDFInfo": "src/"
                }
            },
            "notification-url": "https://packagist.org/downloads/",
            "license": [
                "MIT"
            ],
            "description": "simple php wrapper for pdfinfo",
            "keywords": [
                "pdf",
                "pdfinfo"
            ],
            "support": {
                "issues": "https://github.com/howtomakeaturn/pdfinfo/issues",
                "source": "https://github.com/howtomakeaturn/pdfinfo/tree/master"
            },
            "time": "2019-01-10T02:45:07+00:00"
        }
    ],
    "packages-dev": [],
    "aliases": [],
    "minimum-stability": "stable",
    "stability-flags": [],
    "prefer-stable": false,
    "prefer-lowest": false,
    "platform": [],
    "platform-dev": [],
    "plugin-api-version": "2.3.0"
}
